// !$*UTF8*$!
{
	archiveVersion = 1;
	classes = {
	};
	objectVersion = 46;
	objects = {

/* Begin PBXBuildFile section */
		7DE9F934B0C1522D5541AA8B /* Pods_CongressUITests.framework in Frameworks */ = {isa = PBXBuildFile; fileRef = F4E9355A7F038E3B5136546F /* Pods_CongressUITests.framework */; };
		842A6E531DE185E4008DB608 /* lol.swift in Sources */ = {isa = PBXBuildFile; fileRef = 842A6E521DE185E4008DB608 /* lol.swift */; };
		847523201DE12E0100FBD814 /* main.m in Sources */ = {isa = PBXBuildFile; fileRef = 8475231F1DE12E0100FBD814 /* main.m */; };
		847523231DE12E0100FBD814 /* AppDelegate.m in Sources */ = {isa = PBXBuildFile; fileRef = 847523221DE12E0100FBD814 /* AppDelegate.m */; };
		847523261DE12E0100FBD814 /* FirstViewController.m in Sources */ = {isa = PBXBuildFile; fileRef = 847523251DE12E0100FBD814 /* FirstViewController.m */; };
		847523291DE12E0100FBD814 /* SecondViewController.m in Sources */ = {isa = PBXBuildFile; fileRef = 847523281DE12E0100FBD814 /* SecondViewController.m */; };
		8475232C1DE12E0100FBD814 /* Main.storyboard in Resources */ = {isa = PBXBuildFile; fileRef = 8475232A1DE12E0100FBD814 /* Main.storyboard */; };
		8475232E1DE12E0100FBD814 /* Assets.xcassets in Resources */ = {isa = PBXBuildFile; fileRef = 8475232D1DE12E0100FBD814 /* Assets.xcassets */; };
		847523311DE12E0100FBD814 /* LaunchScreen.storyboard in Resources */ = {isa = PBXBuildFile; fileRef = 8475232F1DE12E0100FBD814 /* LaunchScreen.storyboard */; };
		8475233C1DE12E0200FBD814 /* CongressTests.m in Sources */ = {isa = PBXBuildFile; fileRef = 8475233B1DE12E0200FBD814 /* CongressTests.m */; };
		847523471DE12E0200FBD814 /* CongressUITests.m in Sources */ = {isa = PBXBuildFile; fileRef = 847523461DE12E0200FBD814 /* CongressUITests.m */; };
		847523591DE1698800FBD814 /* ThirdViewController.m in Sources */ = {isa = PBXBuildFile; fileRef = 847523581DE1698800FBD814 /* ThirdViewController.m */; };
		8AF830CEAC127176E364C75F /* Pods_CongressTests.framework in Frameworks */ = {isa = PBXBuildFile; fileRef = B346F0014D15EBEA49A1BF1E /* Pods_CongressTests.framework */; };
		F9E482EFBDC002C3DF582F2E /* Pods_Congress.framework in Frameworks */ = {isa = PBXBuildFile; fileRef = EF05D110E8CE96E5F38BEC42 /* Pods_Congress.framework */; };
/* End PBXBuildFile section */

/* Begin PBXContainerItemProxy section */
		847523381DE12E0200FBD814 /* PBXContainerItemProxy */ = {
			isa = PBXContainerItemProxy;
			containerPortal = 847523131DE12E0100FBD814 /* Project object */;
			proxyType = 1;
			remoteGlobalIDString = 8475231A1DE12E0100FBD814;
			remoteInfo = Congress;
		};
		847523431DE12E0200FBD814 /* PBXContainerItemProxy */ = {
			isa = PBXContainerItemProxy;
			containerPortal = 847523131DE12E0100FBD814 /* Project object */;
			proxyType = 1;
			remoteGlobalIDString = 8475231A1DE12E0100FBD814;
			remoteInfo = Congress;
		};
/* End PBXContainerItemProxy section */

/* Begin PBXFileReference section */
		20B97A2EDAEB8F5C1B5A1057 /* Pods-CongressTests.release.xcconfig */ = {isa = PBXFileReference; includeInIndex = 1; lastKnownFileType = text.xcconfig; name = "Pods-CongressTests.release.xcconfig"; path = "Pods/Target Support Files/Pods-CongressTests/Pods-CongressTests.release.xcconfig"; sourceTree = "<group>"; };
		842A6E521DE185E4008DB608 /* lol.swift */ = {isa = PBXFileReference; fileEncoding = 4; lastKnownFileType = sourcecode.swift; path = lol.swift; sourceTree = "<group>"; };
		842A6E551DE186CE008DB608 /* Congress-Bridging-Header.h */ = {isa = PBXFileReference; lastKnownFileType = sourcecode.c.h; path = "Congress-Bridging-Header.h"; sourceTree = "<group>"; };
		8475231B1DE12E0100FBD814 /* Congress.app */ = {isa = PBXFileReference; explicitFileType = wrapper.application; includeInIndex = 0; path = Congress.app; sourceTree = BUILT_PRODUCTS_DIR; };
		8475231F1DE12E0100FBD814 /* main.m */ = {isa = PBXFileReference; lastKnownFileType = sourcecode.c.objc; path = main.m; sourceTree = "<group>"; };
		847523211DE12E0100FBD814 /* AppDelegate.h */ = {isa = PBXFileReference; lastKnownFileType = sourcecode.c.h; path = AppDelegate.h; sourceTree = "<group>"; };
		847523221DE12E0100FBD814 /* AppDelegate.m */ = {isa = PBXFileReference; lastKnownFileType = sourcecode.c.objc; path = AppDelegate.m; sourceTree = "<group>"; };
		847523241DE12E0100FBD814 /* FirstViewController.h */ = {isa = PBXFileReference; lastKnownFileType = sourcecode.c.h; path = FirstViewController.h; sourceTree = "<group>"; };
		847523251DE12E0100FBD814 /* FirstViewController.m */ = {isa = PBXFileReference; lastKnownFileType = sourcecode.c.objc; path = FirstViewController.m; sourceTree = "<group>"; };
		847523271DE12E0100FBD814 /* SecondViewController.h */ = {isa = PBXFileReference; lastKnownFileType = sourcecode.c.h; path = SecondViewController.h; sourceTree = "<group>"; };
		847523281DE12E0100FBD814 /* SecondViewController.m */ = {isa = PBXFileReference; lastKnownFileType = sourcecode.c.objc; path = SecondViewController.m; sourceTree = "<group>"; };
		8475232B1DE12E0100FBD814 /* Base */ = {isa = PBXFileReference; lastKnownFileType = file.storyboard; name = Base; path = Base.lproj/Main.storyboard; sourceTree = "<group>"; };
		8475232D1DE12E0100FBD814 /* Assets.xcassets */ = {isa = PBXFileReference; lastKnownFileType = folder.assetcatalog; path = Assets.xcassets; sourceTree = "<group>"; };
		847523301DE12E0100FBD814 /* Base */ = {isa = PBXFileReference; lastKnownFileType = file.storyboard; name = Base; path = Base.lproj/LaunchScreen.storyboard; sourceTree = "<group>"; };
		847523321DE12E0100FBD814 /* Info.plist */ = {isa = PBXFileReference; lastKnownFileType = text.plist.xml; path = Info.plist; sourceTree = "<group>"; };
		847523371DE12E0200FBD814 /* CongressTests.xctest */ = {isa = PBXFileReference; explicitFileType = wrapper.cfbundle; includeInIndex = 0; path = CongressTests.xctest; sourceTree = BUILT_PRODUCTS_DIR; };
		8475233B1DE12E0200FBD814 /* CongressTests.m */ = {isa = PBXFileReference; lastKnownFileType = sourcecode.c.objc; path = CongressTests.m; sourceTree = "<group>"; };
		8475233D1DE12E0200FBD814 /* Info.plist */ = {isa = PBXFileReference; lastKnownFileType = text.plist.xml; path = Info.plist; sourceTree = "<group>"; };
		847523421DE12E0200FBD814 /* CongressUITests.xctest */ = {isa = PBXFileReference; explicitFileType = wrapper.cfbundle; includeInIndex = 0; path = CongressUITests.xctest; sourceTree = BUILT_PRODUCTS_DIR; };
		847523461DE12E0200FBD814 /* CongressUITests.m */ = {isa = PBXFileReference; lastKnownFileType = sourcecode.c.objc; path = CongressUITests.m; sourceTree = "<group>"; };
		847523481DE12E0200FBD814 /* Info.plist */ = {isa = PBXFileReference; lastKnownFileType = text.plist.xml; path = Info.plist; sourceTree = "<group>"; };
		847523571DE1698800FBD814 /* ThirdViewController.h */ = {isa = PBXFileReference; fileEncoding = 4; lastKnownFileType = sourcecode.c.h; path = ThirdViewController.h; sourceTree = "<group>"; };
		847523581DE1698800FBD814 /* ThirdViewController.m */ = {isa = PBXFileReference; fileEncoding = 4; lastKnownFileType = sourcecode.c.objc; path = ThirdViewController.m; sourceTree = "<group>"; };
		888941DB6D914E793AD64CDA /* Pods-CongressUITests.debug.xcconfig */ = {isa = PBXFileReference; includeInIndex = 1; lastKnownFileType = text.xcconfig; name = "Pods-CongressUITests.debug.xcconfig"; path = "Pods/Target Support Files/Pods-CongressUITests/Pods-CongressUITests.debug.xcconfig"; sourceTree = "<group>"; };
		B346F0014D15EBEA49A1BF1E /* Pods_CongressTests.framework */ = {isa = PBXFileReference; explicitFileType = wrapper.framework; includeInIndex = 0; path = Pods_CongressTests.framework; sourceTree = BUILT_PRODUCTS_DIR; };
		D39AF7B6D1EC07D0216BD1CE /* Pods-Congress.release.xcconfig */ = {isa = PBXFileReference; includeInIndex = 1; lastKnownFileType = text.xcconfig; name = "Pods-Congress.release.xcconfig"; path = "Pods/Target Support Files/Pods-Congress/Pods-Congress.release.xcconfig"; sourceTree = "<group>"; };
		E553D1EA1B2ECBEBB84A64EA /* Pods-CongressTests.debug.xcconfig */ = {isa = PBXFileReference; includeInIndex = 1; lastKnownFileType = text.xcconfig; name = "Pods-CongressTests.debug.xcconfig"; path = "Pods/Target Support Files/Pods-CongressTests/Pods-CongressTests.debug.xcconfig"; sourceTree = "<group>"; };
		EF05D110E8CE96E5F38BEC42 /* Pods_Congress.framework */ = {isa = PBXFileReference; explicitFileType = wrapper.framework; includeInIndex = 0; path = Pods_Congress.framework; sourceTree = BUILT_PRODUCTS_DIR; };
		F4B27704D9D1F6A187F03CE9 /* Pods-Congress.debug.xcconfig */ = {isa = PBXFileReference; includeInIndex = 1; lastKnownFileType = text.xcconfig; name = "Pods-Congress.debug.xcconfig"; path = "Pods/Target Support Files/Pods-Congress/Pods-Congress.debug.xcconfig"; sourceTree = "<group>"; };
		F4E9355A7F038E3B5136546F /* Pods_CongressUITests.framework */ = {isa = PBXFileReference; explicitFileType = wrapper.framework; includeInIndex = 0; path = Pods_CongressUITests.framework; sourceTree = BUILT_PRODUCTS_DIR; };
		F5E17A0CD87FCA6B8CFB7163 /* Pods-CongressUITests.release.xcconfig */ = {isa = PBXFileReference; includeInIndex = 1; lastKnownFileType = text.xcconfig; name = "Pods-CongressUITests.release.xcconfig"; path = "Pods/Target Support Files/Pods-CongressUITests/Pods-CongressUITests.release.xcconfig"; sourceTree = "<group>"; };
/* End PBXFileReference section */

/* Begin PBXFrameworksBuildPhase section */
		847523181DE12E0100FBD814 /* Frameworks */ = {
			isa = PBXFrameworksBuildPhase;
			buildActionMask = 2147483647;
			files = (
				F9E482EFBDC002C3DF582F2E /* Pods_Congress.framework in Frameworks */,
			);
			runOnlyForDeploymentPostprocessing = 0;
		};
		847523341DE12E0200FBD814 /* Frameworks */ = {
			isa = PBXFrameworksBuildPhase;
			buildActionMask = 2147483647;
			files = (
				8AF830CEAC127176E364C75F /* Pods_CongressTests.framework in Frameworks */,
			);
			runOnlyForDeploymentPostprocessing = 0;
		};
		8475233F1DE12E0200FBD814 /* Frameworks */ = {
			isa = PBXFrameworksBuildPhase;
			buildActionMask = 2147483647;
			files = (
				7DE9F934B0C1522D5541AA8B /* Pods_CongressUITests.framework in Frameworks */,
			);
			runOnlyForDeploymentPostprocessing = 0;
		};
/* End PBXFrameworksBuildPhase section */

/* Begin PBXGroup section */
		431AB9063A8841B6AA84DA86 /* Pods */ = {
			isa = PBXGroup;
			children = (
				F4B27704D9D1F6A187F03CE9 /* Pods-Congress.debug.xcconfig */,
				D39AF7B6D1EC07D0216BD1CE /* Pods-Congress.release.xcconfig */,
				E553D1EA1B2ECBEBB84A64EA /* Pods-CongressTests.debug.xcconfig */,
				20B97A2EDAEB8F5C1B5A1057 /* Pods-CongressTests.release.xcconfig */,
				888941DB6D914E793AD64CDA /* Pods-CongressUITests.debug.xcconfig */,
				F5E17A0CD87FCA6B8CFB7163 /* Pods-CongressUITests.release.xcconfig */,
			);
			name = Pods;
			sourceTree = "<group>";
		};
		847523121DE12E0100FBD814 = {
			isa = PBXGroup;
			children = (
				8475231D1DE12E0100FBD814 /* Congress */,
				8475233A1DE12E0200FBD814 /* CongressTests */,
				847523451DE12E0200FBD814 /* CongressUITests */,
				8475231C1DE12E0100FBD814 /* Products */,
				CD4F7F5A8E6A024DD6AE116E /* Frameworks */,
				431AB9063A8841B6AA84DA86 /* Pods */,
			);
			sourceTree = "<group>";
		};
		8475231C1DE12E0100FBD814 /* Products */ = {
			isa = PBXGroup;
			children = (
				8475231B1DE12E0100FBD814 /* Congress.app */,
				847523371DE12E0200FBD814 /* CongressTests.xctest */,
				847523421DE12E0200FBD814 /* CongressUITests.xctest */,
			);
			name = Products;
			sourceTree = "<group>";
		};
		8475231D1DE12E0100FBD814 /* Congress */ = {
			isa = PBXGroup;
			children = (
				847523211DE12E0100FBD814 /* AppDelegate.h */,
				847523221DE12E0100FBD814 /* AppDelegate.m */,
				847523241DE12E0100FBD814 /* FirstViewController.h */,
				847523251DE12E0100FBD814 /* FirstViewController.m */,
				847523271DE12E0100FBD814 /* SecondViewController.h */,
				847523281DE12E0100FBD814 /* SecondViewController.m */,
				847523571DE1698800FBD814 /* ThirdViewController.h */,
				847523581DE1698800FBD814 /* ThirdViewController.m */,
				8475232A1DE12E0100FBD814 /* Main.storyboard */,
				8475232D1DE12E0100FBD814 /* Assets.xcassets */,
				8475232F1DE12E0100FBD814 /* LaunchScreen.storyboard */,
				847523321DE12E0100FBD814 /* Info.plist */,
				8475231E1DE12E0100FBD814 /* Supporting Files */,
				842A6E521DE185E4008DB608 /* lol.swift */,
				842A6E551DE186CE008DB608 /* Congress-Bridging-Header.h */,
			);
			path = Congress;
			sourceTree = "<group>";
		};
		8475231E1DE12E0100FBD814 /* Supporting Files */ = {
			isa = PBXGroup;
			children = (
				8475231F1DE12E0100FBD814 /* main.m */,
			);
			name = "Supporting Files";
			sourceTree = "<group>";
		};
		8475233A1DE12E0200FBD814 /* CongressTests */ = {
			isa = PBXGroup;
			children = (
				8475233B1DE12E0200FBD814 /* CongressTests.m */,
				8475233D1DE12E0200FBD814 /* Info.plist */,
			);
			path = CongressTests;
			sourceTree = "<group>";
		};
		847523451DE12E0200FBD814 /* CongressUITests */ = {
			isa = PBXGroup;
			children = (
				847523461DE12E0200FBD814 /* CongressUITests.m */,
				847523481DE12E0200FBD814 /* Info.plist */,
			);
			path = CongressUITests;
			sourceTree = "<group>";
		};
		CD4F7F5A8E6A024DD6AE116E /* Frameworks */ = {
			isa = PBXGroup;
			children = (
				EF05D110E8CE96E5F38BEC42 /* Pods_Congress.framework */,
				B346F0014D15EBEA49A1BF1E /* Pods_CongressTests.framework */,
				F4E9355A7F038E3B5136546F /* Pods_CongressUITests.framework */,
			);
			name = Frameworks;
			sourceTree = "<group>";
		};
/* End PBXGroup section */

/* Begin PBXNativeTarget section */
		8475231A1DE12E0100FBD814 /* Congress */ = {
			isa = PBXNativeTarget;
			buildConfigurationList = 8475234B1DE12E0200FBD814 /* Build configuration list for PBXNativeTarget "Congress" */;
			buildPhases = (
				297A8941F4A9B4CA5BB03C32 /* [CP] Check Pods Manifest.lock */,
				847523171DE12E0100FBD814 /* Sources */,
				847523181DE12E0100FBD814 /* Frameworks */,
				847523191DE12E0100FBD814 /* Resources */,
				38EA4D53969D6697BF3570F9 /* [CP] Embed Pods Frameworks */,
				81821DAA1FB633D76E70F7DE /* [CP] Copy Pods Resources */,
			);
			buildRules = (
			);
			dependencies = (
			);
			name = Congress;
			productName = Congress;
			productReference = 8475231B1DE12E0100FBD814 /* Congress.app */;
			productType = "com.apple.product-type.application";
		};
		847523361DE12E0200FBD814 /* CongressTests */ = {
			isa = PBXNativeTarget;
			buildConfigurationList = 8475234E1DE12E0200FBD814 /* Build configuration list for PBXNativeTarget "CongressTests" */;
			buildPhases = (
				4E13F3C38B9AE77A57977FC7 /* [CP] Check Pods Manifest.lock */,
				847523331DE12E0200FBD814 /* Sources */,
				847523341DE12E0200FBD814 /* Frameworks */,
				847523351DE12E0200FBD814 /* Resources */,
				2EC8218762D25E5F485C0C09 /* [CP] Embed Pods Frameworks */,
				52CA305CDCB13351FA65CAF2 /* [CP] Copy Pods Resources */,
			);
			buildRules = (
			);
			dependencies = (
				847523391DE12E0200FBD814 /* PBXTargetDependency */,
			);
			name = CongressTests;
			productName = CongressTests;
			productReference = 847523371DE12E0200FBD814 /* CongressTests.xctest */;
			productType = "com.apple.product-type.bundle.unit-test";
		};
		847523411DE12E0200FBD814 /* CongressUITests */ = {
			isa = PBXNativeTarget;
			buildConfigurationList = 847523511DE12E0200FBD814 /* Build configuration list for PBXNativeTarget "CongressUITests" */;
			buildPhases = (
				BAB7E4CD0496C832B0FC8344 /* [CP] Check Pods Manifest.lock */,
				8475233E1DE12E0200FBD814 /* Sources */,
				8475233F1DE12E0200FBD814 /* Frameworks */,
				847523401DE12E0200FBD814 /* Resources */,
				D77154BA238553029150B887 /* [CP] Embed Pods Frameworks */,
				1CCEBE3298910AF40D98DC17 /* [CP] Copy Pods Resources */,
			);
			buildRules = (
			);
			dependencies = (
				847523441DE12E0200FBD814 /* PBXTargetDependency */,
			);
			name = CongressUITests;
			productName = CongressUITests;
			productReference = 847523421DE12E0200FBD814 /* CongressUITests.xctest */;
			productType = "com.apple.product-type.bundle.ui-testing";
		};
/* End PBXNativeTarget section */

/* Begin PBXProject section */
		847523131DE12E0100FBD814 /* Project object */ = {
			isa = PBXProject;
			attributes = {
				LastUpgradeCheck = 0810;
				ORGANIZATIONNAME = "Anush Kadoyan";
				TargetAttributes = {
					8475231A1DE12E0100FBD814 = {
						CreatedOnToolsVersion = 8.1;
						LastSwiftMigration = 0810;
						ProvisioningStyle = Automatic;
					};
					847523361DE12E0200FBD814 = {
						CreatedOnToolsVersion = 8.1;
						ProvisioningStyle = Automatic;
						TestTargetID = 8475231A1DE12E0100FBD814;
					};
					847523411DE12E0200FBD814 = {
						CreatedOnToolsVersion = 8.1;
						ProvisioningStyle = Automatic;
						TestTargetID = 8475231A1DE12E0100FBD814;
					};
				};
			};
			buildConfigurationList = 847523161DE12E0100FBD814 /* Build configuration list for PBXProject "Congress" */;
			compatibilityVersion = "Xcode 3.2";
			developmentRegion = English;
			hasScannedForEncodings = 0;
			knownRegions = (
				en,
				Base,
			);
			mainGroup = 847523121DE12E0100FBD814;
			productRefGroup = 8475231C1DE12E0100FBD814 /* Products */;
			projectDirPath = "";
			projectRoot = "";
			targets = (
				8475231A1DE12E0100FBD814 /* Congress */,
				847523361DE12E0200FBD814 /* CongressTests */,
				847523411DE12E0200FBD814 /* CongressUITests */,
			);
		};
/* End PBXProject section */

/* Begin PBXResourcesBuildPhase section */
		847523191DE12E0100FBD814 /* Resources */ = {
			isa = PBXResourcesBuildPhase;
			buildActionMask = 2147483647;
			files = (
				847523311DE12E0100FBD814 /* LaunchScreen.storyboard in Resources */,
				8475232E1DE12E0100FBD814 /* Assets.xcassets in Resources */,
				8475232C1DE12E0100FBD814 /* Main.storyboard in Resources */,
			);
			runOnlyForDeploymentPostprocessing = 0;
		};
		847523351DE12E0200FBD814 /* Resources */ = {
			isa = PBXResourcesBuildPhase;
			buildActionMask = 2147483647;
			files = (
			);
			runOnlyForDeploymentPostprocessing = 0;
		};
		847523401DE12E0200FBD814 /* Resources */ = {
			isa = PBXResourcesBuildPhase;
			buildActionMask = 2147483647;
			files = (
			);
			runOnlyForDeploymentPostprocessing = 0;
		};
/* End PBXResourcesBuildPhase section */

/* Begin PBXShellScriptBuildPhase section */
		1CCEBE3298910AF40D98DC17 /* [CP] Copy Pods Resources */ = {
			isa = PBXShellScriptBuildPhase;
			buildActionMask = 2147483647;
			files = (
			);
			inputPaths = (
			);
			name = "[CP] Copy Pods Resources";
			outputPaths = (
			);
			runOnlyForDeploymentPostprocessing = 0;
			shellPath = /bin/sh;
			shellScript = "\"${SRCROOT}/Pods/Target Support Files/Pods-CongressUITests/Pods-CongressUITests-resources.sh\"\n";
			showEnvVarsInLog = 0;
		};
		297A8941F4A9B4CA5BB03C32 /* [CP] Check Pods Manifest.lock */ = {
			isa = PBXShellScriptBuildPhase;
			buildActionMask = 2147483647;
			files = (
			);
			inputPaths = (
			);
			name = "[CP] Check Pods Manifest.lock";
			outputPaths = (
			);
			runOnlyForDeploymentPostprocessing = 0;
			shellPath = /bin/sh;
			shellScript = "diff \"${PODS_ROOT}/../Podfile.lock\" \"${PODS_ROOT}/Manifest.lock\" > /dev/null\nif [ $? != 0 ] ; then\n    # print error to STDERR\n    echo \"error: The sandbox is not in sync with the Podfile.lock. Run 'pod install' or update your CocoaPods installation.\" >&2\n    exit 1\nfi\n";
			showEnvVarsInLog = 0;
		};
		2EC8218762D25E5F485C0C09 /* [CP] Embed Pods Frameworks */ = {
			isa = PBXShellScriptBuildPhase;
			buildActionMask = 2147483647;
			files = (
			);
			inputPaths = (
			);
			name = "[CP] Embed Pods Frameworks";
			outputPaths = (
			);
			runOnlyForDeploymentPostprocessing = 0;
			shellPath = /bin/sh;
			shellScript = "\"${SRCROOT}/Pods/Target Support Files/Pods-CongressTests/Pods-CongressTests-frameworks.sh\"\n";
			showEnvVarsInLog = 0;
		};
		38EA4D53969D6697BF3570F9 /* [CP] Embed Pods Frameworks */ = {
			isa = PBXShellScriptBuildPhase;
			buildActionMask = 2147483647;
			files = (
			);
			inputPaths = (
			);
			name = "[CP] Embed Pods Frameworks";
			outputPaths = (
			);
			runOnlyForDeploymentPostprocessing = 0;
			shellPath = /bin/sh;
			shellScript = "\"${SRCROOT}/Pods/Target Support Files/Pods-Congress/Pods-Congress-frameworks.sh\"\n";
			showEnvVarsInLog = 0;
		};
		4E13F3C38B9AE77A57977FC7 /* [CP] Check Pods Manifest.lock */ = {
			isa = PBXShellScriptBuildPhase;
			buildActionMask = 2147483647;
			files = (
			);
			inputPaths = (
			);
			name = "[CP] Check Pods Manifest.lock";
			outputPaths = (
			);
			runOnlyForDeploymentPostprocessing = 0;
			shellPath = /bin/sh;
			shellScript = "diff \"${PODS_ROOT}/../Podfile.lock\" \"${PODS_ROOT}/Manifest.lock\" > /dev/null\nif [ $? != 0 ] ; then\n    # print error to STDERR\n    echo \"error: The sandbox is not in sync with the Podfile.lock. Run 'pod install' or update your CocoaPods installation.\" >&2\n    exit 1\nfi\n";
			showEnvVarsInLog = 0;
		};
		52CA305CDCB13351FA65CAF2 /* [CP] Copy Pods Resources */ = {
			isa = PBXShellScriptBuildPhase;
			buildActionMask = 2147483647;
			files = (
			);
			inputPaths = (
			);
			name = "[CP] Copy Pods Resources";
			outputPaths = (
			);
			runOnlyForDeploymentPostprocessing = 0;
			shellPath = /bin/sh;
			shellScript = "\"${SRCROOT}/Pods/Target Support Files/Pods-CongressTests/Pods-CongressTests-resources.sh\"\n";
			showEnvVarsInLog = 0;
		};
		81821DAA1FB633D76E70F7DE /* [CP] Copy Pods Resources */ = {
			isa = PBXShellScriptBuildPhase;
			buildActionMask = 2147483647;
			files = (
			);
			inputPaths = (
			);
			name = "[CP] Copy Pods Resources";
			outputPaths = (
			);
			runOnlyForDeploymentPostprocessing = 0;
			shellPath = /bin/sh;
			shellScript = "\"${SRCROOT}/Pods/Target Support Files/Pods-Congress/Pods-Congress-resources.sh\"\n";
			showEnvVarsInLog = 0;
		};
		BAB7E4CD0496C832B0FC8344 /* [CP] Check Pods Manifest.lock */ = {
			isa = PBXShellScriptBuildPhase;
			buildActionMask = 2147483647;
			files = (
			);
			inputPaths = (
			);
			name = "[CP] Check Pods Manifest.lock";
			outputPaths = (
			);
			runOnlyForDeploymentPostprocessing = 0;
			shellPath = /bin/sh;
			shellScript = "diff \"${PODS_ROOT}/../Podfile.lock\" \"${PODS_ROOT}/Manifest.lock\" > /dev/null\nif [ $? != 0 ] ; then\n    # print error to STDERR\n    echo \"error: The sandbox is not in sync with the Podfile.lock. Run 'pod install' or update your CocoaPods installation.\" >&2\n    exit 1\nfi\n";
			showEnvVarsInLog = 0;
		};
		D77154BA238553029150B887 /* [CP] Embed Pods Frameworks */ = {
			isa = PBXShellScriptBuildPhase;
			buildActionMask = 2147483647;
			files = (
			);
			inputPaths = (
			);
			name = "[CP] Embed Pods Frameworks";
			outputPaths = (
			);
			runOnlyForDeploymentPostprocessing = 0;
			shellPath = /bin/sh;
			shellScript = "\"${SRCROOT}/Pods/Target Support Files/Pods-CongressUITests/Pods-CongressUITests-frameworks.sh\"\n";
			showEnvVarsInLog = 0;
		};
/* End PBXShellScriptBuildPhase section */

/* Begin PBXSourcesBuildPhase section */
		847523171DE12E0100FBD814 /* Sources */ = {
			isa = PBXSourcesBuildPhase;
			buildActionMask = 2147483647;
			files = (
				847523291DE12E0100FBD814 /* SecondViewController.m in Sources */,
				847523591DE1698800FBD814 /* ThirdViewController.m in Sources */,
				842A6E531DE185E4008DB608 /* lol.swift in Sources */,
				847523231DE12E0100FBD814 /* AppDelegate.m in Sources */,
				847523261DE12E0100FBD814 /* FirstViewController.m in Sources */,
				847523201DE12E0100FBD814 /* main.m in Sources */,
			);
			runOnlyForDeploymentPostprocessing = 0;
		};
		847523331DE12E0200FBD814 /* Sources */ = {
			isa = PBXSourcesBuildPhase;
			buildActionMask = 2147483647;
			files = (
				8475233C1DE12E0200FBD814 /* CongressTests.m in Sources */,
			);
			runOnlyForDeploymentPostprocessing = 0;
		};
		8475233E1DE12E0200FBD814 /* Sources */ = {
			isa = PBXSourcesBuildPhase;
			buildActionMask = 2147483647;
			files = (
				847523471DE12E0200FBD814 /* CongressUITests.m in Sources */,
			);
			runOnlyForDeploymentPostprocessing = 0;
		};
/* End PBXSourcesBuildPhase section */

/* Begin PBXTargetDependency section */
		847523391DE12E0200FBD814 /* PBXTargetDependency */ = {
			isa = PBXTargetDependency;
			target = 8475231A1DE12E0100FBD814 /* Congress */;
			targetProxy = 847523381DE12E0200FBD814 /* PBXContainerItemProxy */;
		};
		847523441DE12E0200FBD814 /* PBXTargetDependency */ = {
			isa = PBXTargetDependency;
			target = 8475231A1DE12E0100FBD814 /* Congress */;
			targetProxy = 847523431DE12E0200FBD814 /* PBXContainerItemProxy */;
		};
/* End PBXTargetDependency section */

/* Begin PBXVariantGroup section */
		8475232A1DE12E0100FBD814 /* Main.storyboard */ = {
			isa = PBXVariantGroup;
			children = (
				8475232B1DE12E0100FBD814 /* Base */,
			);
			name = Main.storyboard;
			sourceTree = "<group>";
		};
		8475232F1DE12E0100FBD814 /* LaunchScreen.storyboard */ = {
			isa = PBXVariantGroup;
			children = (
				847523301DE12E0100FBD814 /* Base */,
			);
			name = LaunchScreen.storyboard;
			sourceTree = "<group>";
		};
/* End PBXVariantGroup section */

/* Begin XCBuildConfiguration section */
		847523491DE12E0200FBD814 /* Debug */ = {
			isa = XCBuildConfiguration;
			buildSettings = {
				ALWAYS_EMBED_SWIFT_STANDARD_LIBRARIES = YES;
				ALWAYS_SEARCH_USER_PATHS = NO;
				CLANG_ANALYZER_NONNULL = YES;
				CLANG_CXX_LANGUAGE_STANDARD = "gnu++0x";
				CLANG_CXX_LIBRARY = "libc++";
				CLANG_ENABLE_MODULES = NO;
				CLANG_ENABLE_OBJC_ARC = YES;
				CLANG_WARN_BOOL_CONVERSION = YES;
				CLANG_WARN_CONSTANT_CONVERSION = YES;
				CLANG_WARN_DIRECT_OBJC_ISA_USAGE = YES_ERROR;
				CLANG_WARN_DOCUMENTATION_COMMENTS = YES;
				CLANG_WARN_EMPTY_BODY = YES;
				CLANG_WARN_ENUM_CONVERSION = YES;
				CLANG_WARN_INFINITE_RECURSION = YES;
				CLANG_WARN_INT_CONVERSION = YES;
				CLANG_WARN_OBJC_ROOT_CLASS = YES_ERROR;
				CLANG_WARN_SUSPICIOUS_MOVE = YES;
				CLANG_WARN_SUSPICIOUS_MOVES = YES;
				CLANG_WARN_UNREACHABLE_CODE = YES;
				CLANG_WARN__DUPLICATE_METHOD_MATCH = YES;
				"CODE_SIGN_IDENTITY[sdk=iphoneos*]" = "iPhone Developer";
				COPY_PHASE_STRIP = NO;
				ENABLE_BITCODE = YES;
				ENABLE_STRICT_OBJC_MSGSEND = YES;
				ENABLE_TESTABILITY = YES;
				GCC_C_LANGUAGE_STANDARD = gnu99;
				GCC_DYNAMIC_NO_PIC = NO;
				GCC_NO_COMMON_BLOCKS = YES;
				GCC_OPTIMIZATION_LEVEL = 0;
				GCC_PREPROCESSOR_DEFINITIONS = (
					"DEBUG=1",
					"$(inherited)",
				);
				GCC_WARN_64_TO_32_BIT_CONVERSION = YES;
				GCC_WARN_ABOUT_RETURN_TYPE = YES_ERROR;
				GCC_WARN_UNDECLARED_SELECTOR = YES;
				GCC_WARN_UNINITIALIZED_AUTOS = YES_AGGRESSIVE;
				GCC_WARN_UNUSED_FUNCTION = YES;
				GCC_WARN_UNUSED_VARIABLE = YES;
				IPHONEOS_DEPLOYMENT_TARGET = 10.0;
				MTL_ENABLE_DEBUG_INFO = YES;
				ONLY_ACTIVE_ARCH = YES;
				SDKROOT = iphoneos;
				SWIFT_OBJC_BRIDGING_HEADER = "Congress-Bridging-Header.h";
			};
			name = Debug;
		};
		8475234A1DE12E0200FBD814 /* Release */ = {
			isa = XCBuildConfiguration;
			buildSettings = {
				ALWAYS_EMBED_SWIFT_STANDARD_LIBRARIES = YES;
				ALWAYS_SEARCH_USER_PATHS = NO;
				CLANG_ANALYZER_NONNULL = YES;
				CLANG_CXX_LANGUAGE_STANDARD = "gnu++0x";
				CLANG_CXX_LIBRARY = "libc++";
				CLANG_ENABLE_MODULES = NO;
				CLANG_ENABLE_OBJC_ARC = YES;
				CLANG_WARN_BOOL_CONVERSION = YES;
				CLANG_WARN_CONSTANT_CONVERSION = YES;
				CLANG_WARN_DIRECT_OBJC_ISA_USAGE = YES_ERROR;
				CLANG_WARN_DOCUMENTATION_COMMENTS = YES;
				CLANG_WARN_EMPTY_BODY = YES;
				CLANG_WARN_ENUM_CONVERSION = YES;
				CLANG_WARN_INFINITE_RECURSION = YES;
				CLANG_WARN_INT_CONVERSION = YES;
				CLANG_WARN_OBJC_ROOT_CLASS = YES_ERROR;
				CLANG_WARN_SUSPICIOUS_MOVE = YES;
				CLANG_WARN_SUSPICIOUS_MOVES = YES;
				CLANG_WARN_UNREACHABLE_CODE = YES;
				CLANG_WARN__DUPLICATE_METHOD_MATCH = YES;
				"CODE_SIGN_IDENTITY[sdk=iphoneos*]" = "iPhone Developer";
				COPY_PHASE_STRIP = NO;
				ENABLE_BITCODE = YES;
				ENABLE_NS_ASSERTIONS = NO;
				ENABLE_STRICT_OBJC_MSGSEND = YES;
				GCC_C_LANGUAGE_STANDARD = gnu99;
				GCC_NO_COMMON_BLOCKS = YES;
				GCC_WARN_64_TO_32_BIT_CONVERSION = YES;
				GCC_WARN_ABOUT_RETURN_TYPE = YES_ERROR;
				GCC_WARN_UNDECLARED_SELECTOR = YES;
				GCC_WARN_UNINITIALIZED_AUTOS = YES_AGGRESSIVE;
				GCC_WARN_UNUSED_FUNCTION = YES;
				GCC_WARN_UNUSED_VARIABLE = YES;
				IPHONEOS_DEPLOYMENT_TARGET = 10.0;
				MTL_ENABLE_DEBUG_INFO = NO;
				SDKROOT = iphoneos;
				SWIFT_OBJC_BRIDGING_HEADER = "Congress-Bridging-Header.h";
			};
			name = Release;
		};
		8475234C1DE12E0200FBD814 /* Debug */ = {
			isa = XCBuildConfiguration;
			baseConfigurationReference = F4B27704D9D1F6A187F03CE9 /* Pods-Congress.debug.xcconfig */;
			buildSettings = {
				ALWAYS_EMBED_SWIFT_STANDARD_LIBRARIES = YES;
				ASSETCATALOG_COMPILER_APPICON_NAME = AppIcon;
				CLANG_ENABLE_MODULES = YES;
				INFOPLIST_FILE = Congress/Info.plist;
				IPHONEOS_DEPLOYMENT_TARGET = 10.0.2;
				LD_RUNPATH_SEARCH_PATHS = "$(inherited) @executable_path/Frameworks";
				PRODUCT_BUNDLE_IDENTIFIER = edu.usc.Congress;
				PRODUCT_NAME = "$(TARGET_NAME)";
				SWIFT_OBJC_BRIDGING_HEADER = "Congress/Congress-Bridging-Header.h";
				SWIFT_OPTIMIZATION_LEVEL = "-Onone";
				SWIFT_VERSION = 3.0;
			};
			name = Debug;
		};
		8475234D1DE12E0200FBD814 /* Release */ = {
			isa = XCBuildConfiguration;
			baseConfigurationReference = D39AF7B6D1EC07D0216BD1CE /* Pods-Congress.release.xcconfig */;
			buildSettings = {
				ALWAYS_EMBED_SWIFT_STANDARD_LIBRARIES = YES;
				ASSETCATALOG_COMPILER_APPICON_NAME = AppIcon;
				CLANG_ENABLE_MODULES = YES;
				INFOPLIST_FILE = Congress/Info.plist;
				IPHONEOS_DEPLOYMENT_TARGET = 10.0.2;
				LD_RUNPATH_SEARCH_PATHS = "$(inherited) @executable_path/Frameworks";
				PRODUCT_BUNDLE_IDENTIFIER = edu.usc.Congress;
				PRODUCT_NAME = "$(TARGET_NAME)";
				SWIFT_OBJC_BRIDGING_HEADER = "Congress/Congress-Bridging-Header.h";
				SWIFT_VERSION = 3.0;
			};
			name = Release;
		};
		8475234F1DE12E0200FBD814 /* Debug */ = {
			isa = XCBuildConfiguration;
			baseConfigurationReference = E553D1EA1B2ECBEBB84A64EA /* Pods-CongressTests.debug.xcconfig */;
			buildSettings = {
				ALWAYS_EMBED_SWIFT_STANDARD_LIBRARIES = YES;
				BUNDLE_LOADER = "$(TEST_HOST)";
				INFOPLIST_FILE = CongressTests/Info.plist;
				LD_RUNPATH_SEARCH_PATHS = "$(inherited) @executable_path/Frameworks @loader_path/Frameworks";
				PRODUCT_BUNDLE_IDENTIFIER = edu.usc.CongressTests;
				PRODUCT_NAME = "$(TARGET_NAME)";
				TEST_HOST = "$(BUILT_PRODUCTS_DIR)/Congress.app/Congress";
			};
			name = Debug;
		};
		847523501DE12E0200FBD814 /* Release */ = {
			isa = XCBuildConfiguration;
			baseConfigurationReference = 20B97A2EDAEB8F5C1B5A1057 /* Pods-CongressTests.release.xcconfig */;
			buildSettings = {
				ALWAYS_EMBED_SWIFT_STANDARD_LIBRARIES = YES;
				BUNDLE_LOADER = "$(TEST_HOST)";
				INFOPLIST_FILE = CongressTests/Info.plist;
				LD_RUNPATH_SEARCH_PATHS = "$(inherited) @executable_path/Frameworks @loader_path/Frameworks";
				PRODUCT_BUNDLE_IDENTIFIER = edu.usc.CongressTests;
				PRODUCT_NAME = "$(TARGET_NAME)";
				TEST_HOST = "$(BUILT_PRODUCTS_DIR)/Congress.app/Congress";
			};
			name = Release;
		};
		847523521DE12E0200FBD814 /* Debug */ = {
			isa = XCBuildConfiguration;
			baseConfigurationReference = 888941DB6D914E793AD64CDA /* Pods-CongressUITests.debug.xcconfig */;
			buildSettings = {
				ALWAYS_EMBED_SWIFT_STANDARD_LIBRARIES = YES;
				INFOPLIST_FILE = CongressUITests/Info.plist;
				LD_RUNPATH_SEARCH_PATHS = "$(inherited) @executable_path/Frameworks @loader_path/Frameworks";
				PRODUCT_BUNDLE_IDENTIFIER = edu.usc.CongressUITests;
				PRODUCT_NAME = "$(TARGET_NAME)";
				TEST_TARGET_NAME = Congress;
			};
			name = Debug;
		};
		847523531DE12E0200FBD814 /* Release */ = {
			isa = XCBuildConfiguration;
			baseConfigurationReference = F5E17A0CD87FCA6B8CFB7163 /* Pods-CongressUITests.release.xcconfig */;
			buildSettings = {
				ALWAYS_EMBED_SWIFT_STANDARD_LIBRARIES = YES;
				INFOPLIST_FILE = CongressUITests/Info.plist;
				LD_RUNPATH_SEARCH_PATHS = "$(inherited) @executable_path/Frameworks @loader_path/Frameworks";
				PRODUCT_BUNDLE_IDENTIFIER = edu.usc.CongressUITests;
				PRODUCT_NAME = "$(TARGET_NAME)";
				TEST_TARGET_NAME = Congress;
			};
			name = Release;
		};
/* End XCBuildConfiguration section */

/* Begin XCConfigurationList section */
		847523161DE12E0100FBD814 /* Build configuration list for PBXProject "Congress" */ = {
			isa = XCConfigurationList;
			buildConfigurations = (
				847523491DE12E0200FBD814 /* Debug */,
				8475234A1DE12E0200FBD814 /* Release */,
			);
			defaultConfigurationIsVisible = 0;
			defaultConfigurationName = Release;
		};
		8475234B1DE12E0200FBD814 /* Build configuration list for PBXNativeTarget "Congress" */ = {
			isa = XCConfigurationList;
			buildConfigurations = (
				8475234C1DE12E0200FBD814 /* Debug */,
				8475234D1DE12E0200FBD814 /* Release */,
			);
			defaultConfigurationIsVisible = 0;
			defaultConfigurationName = Release;
		};
		8475234E1DE12E0200FBD814 /* Build configuration list for PBXNativeTarget "CongressTests" */ = {
			isa = XCConfigurationList;
			buildConfigurations = (
				8475234F1DE12E0200FBD814 /* Debug */,
				847523501DE12E0200FBD814 /* Release */,
			);
			defaultConfigurationIsVisible = 0;
			defaultConfigurationName = Release;
		};
		847523511DE12E0200FBD814 /* Build configuration list for PBXNativeTarget "CongressUITests" */ = {
			isa = XCConfigurationList;
			buildConfigurations = (
				847523521DE12E0200FBD814 /* Debug */,
				847523531DE12E0200FBD814 /* Release */,
			);
			defaultConfigurationIsVisible = 0;
			defaultConfigurationName = Release;
		};
/* End XCConfigurationList section */
	};
	rootObject = 847523131DE12E0100FBD814 /* Project object */;
}
